// !$*UTF8*$!
{
	archiveVersion = 1;
	classes = {
	};
	objectVersion = 56;
	objects = {

/* Begin PBXBuildFile section */
		E47EEA932BDA9A220093D0CB /* NavigationStackExperimentApp.swift in Sources */ = {isa = PBXBuildFile; fileRef = E47EEA922BDA9A220093D0CB /* NavigationStackExperimentApp.swift */; };
		E47EEA952BDA9A220093D0CB /* ContentView.swift in Sources */ = {isa = PBXBuildFile; fileRef = E47EEA942BDA9A220093D0CB /* ContentView.swift */; };
		E47EEA972BDA9A230093D0CB /* Assets.xcassets in Resources */ = {isa = PBXBuildFile; fileRef = E47EEA962BDA9A230093D0CB /* Assets.xcassets */; };
		E47EEA9B2BDA9A230093D0CB /* Preview Assets.xcassets in Resources */ = {isa = PBXBuildFile; fileRef = E47EEA9A2BDA9A230093D0CB /* Preview Assets.xcassets */; };
		E47EEAA52BDA9A230093D0CB /* NavigationStackExperimentTests.swift in Sources */ = {isa = PBXBuildFile; fileRef = E47EEAA42BDA9A230093D0CB /* NavigationStackExperimentTests.swift */; };
		E47EEAAF2BDA9A240093D0CB /* NavigationStackExperimentUITests.swift in Sources */ = {isa = PBXBuildFile; fileRef = E47EEAAE2BDA9A240093D0CB /* NavigationStackExperimentUITests.swift */; };
		E47EEAB12BDA9A240093D0CB /* NavigationStackExperimentUITestsLaunchTests.swift in Sources */ = {isa = PBXBuildFile; fileRef = E47EEAB02BDA9A240093D0CB /* NavigationStackExperimentUITestsLaunchTests.swift */; };
		E47EEABE2BDA9A3D0093D0CB /* MainNavigationView.swift in Sources */ = {isa = PBXBuildFile; fileRef = E47EEABD2BDA9A3D0093D0CB /* MainNavigationView.swift */; };
		E47EEAC02BDA9A920093D0CB /* Data.swift in Sources */ = {isa = PBXBuildFile; fileRef = E47EEABF2BDA9A920093D0CB /* Data.swift */; };
		E47EEAC22BDAA1940093D0CB /* BookView.swift in Sources */ = {isa = PBXBuildFile; fileRef = E47EEAC12BDAA1940093D0CB /* BookView.swift */; };
		E47EEAC42BDAA1A00093D0CB /* AuthorView.swift in Sources */ = {isa = PBXBuildFile; fileRef = E47EEAC32BDAA1A00093D0CB /* AuthorView.swift */; };
/* End PBXBuildFile section */

/* Begin PBXContainerItemProxy section */
		E47EEAA12BDA9A230093D0CB /* PBXContainerItemProxy */ = {
			isa = PBXContainerItemProxy;
			containerPortal = E47EEA872BDA9A220093D0CB /* Project object */;
			proxyType = 1;
			remoteGlobalIDString = E47EEA8E2BDA9A220093D0CB;
			remoteInfo = NavigationStackExperiment;
		};
		E47EEAAB2BDA9A240093D0CB /* PBXContainerItemProxy */ = {
			isa = PBXContainerItemProxy;
			containerPortal = E47EEA872BDA9A220093D0CB /* Project object */;
			proxyType = 1;
			remoteGlobalIDString = E47EEA8E2BDA9A220093D0CB;
			remoteInfo = NavigationStackExperiment;
		};
/* End PBXContainerItemProxy section */

/* Begin PBXFileReference section */
		E463C5242BDAEAAF005728C4 /* Readme.md */ = {isa = PBXFileReference; lastKnownFileType = net.daringfireball.markdown; path = Readme.md; sourceTree = "<group>"; };
		E47EEA8F2BDA9A220093D0CB /* NavigationStackExperiment.app */ = {isa = PBXFileReference; explicitFileType = wrapper.application; includeInIndex = 0; path = NavigationStackExperiment.app; sourceTree = BUILT_PRODUCTS_DIR; };
		E47EEA922BDA9A220093D0CB /* NavigationStackExperimentApp.swift */ = {isa = PBXFileReference; lastKnownFileType = sourcecode.swift; path = NavigationStackExperimentApp.swift; sourceTree = "<group>"; };
		E47EEA942BDA9A220093D0CB /* ContentView.swift */ = {isa = PBXFileReference; lastKnownFileType = sourcecode.swift; path = ContentView.swift; sourceTree = "<group>"; };
		E47EEA962BDA9A230093D0CB /* Assets.xcassets */ = {isa = PBXFileReference; lastKnownFileType = folder.assetcatalog; path = Assets.xcassets; sourceTree = "<group>"; };
		E47EEA982BDA9A230093D0CB /* NavigationStackExperiment.entitlements */ = {isa = PBXFileReference; lastKnownFileType = text.plist.entitlements; path = NavigationStackExperiment.entitlements; sourceTree = "<group>"; };
		E47EEA9A2BDA9A230093D0CB /* Preview Assets.xcassets */ = {isa = PBXFileReference; lastKnownFileType = folder.assetcatalog; path = "Preview Assets.xcassets"; sourceTree = "<group>"; };
		E47EEAA02BDA9A230093D0CB /* NavigationStackExperimentTests.xctest */ = {isa = PBXFileReference; explicitFileType = wrapper.cfbundle; includeInIndex = 0; path = NavigationStackExperimentTests.xctest; sourceTree = BUILT_PRODUCTS_DIR; };
		E47EEAA42BDA9A230093D0CB /* NavigationStackExperimentTests.swift */ = {isa = PBXFileReference; lastKnownFileType = sourcecode.swift; path = NavigationStackExperimentTests.swift; sourceTree = "<group>"; };
		E47EEAAA2BDA9A240093D0CB /* NavigationStackExperimentUITests.xctest */ = {isa = PBXFileReference; explicitFileType = wrapper.cfbundle; includeInIndex = 0; path = NavigationStackExperimentUITests.xctest; sourceTree = BUILT_PRODUCTS_DIR; };
		E47EEAAE2BDA9A240093D0CB /* NavigationStackExperimentUITests.swift */ = {isa = PBXFileReference; lastKnownFileType = sourcecode.swift; path = NavigationStackExperimentUITests.swift; sourceTree = "<group>"; };
		E47EEAB02BDA9A240093D0CB /* NavigationStackExperimentUITestsLaunchTests.swift */ = {isa = PBXFileReference; lastKnownFileType = sourcecode.swift; path = NavigationStackExperimentUITestsLaunchTests.swift; sourceTree = "<group>"; };
		E47EEABD2BDA9A3D0093D0CB /* MainNavigationView.swift */ = {isa = PBXFileReference; lastKnownFileType = sourcecode.swift; path = MainNavigationView.swift; sourceTree = "<group>"; };
		E47EEABF2BDA9A920093D0CB /* Data.swift */ = {isa = PBXFileReference; lastKnownFileType = sourcecode.swift; path = Data.swift; sourceTree = "<group>"; };
		E47EEAC12BDAA1940093D0CB /* BookView.swift */ = {isa = PBXFileReference; lastKnownFileType = sourcecode.swift; path = BookView.swift; sourceTree = "<group>"; };
		E47EEAC32BDAA1A00093D0CB /* AuthorView.swift */ = {isa = PBXFileReference; lastKnownFileType = sourcecode.swift; path = AuthorView.swift; sourceTree = "<group>"; };
/* End PBXFileReference section */

/* Begin PBXFrameworksBuildPhase section */
		E47EEA8C2BDA9A220093D0CB /* Frameworks */ = {
			isa = PBXFrameworksBuildPhase;
			buildActionMask = 2147483647;
			files = (
			);
			runOnlyForDeploymentPostprocessing = 0;
		};
		E47EEA9D2BDA9A230093D0CB /* Frameworks */ = {
			isa = PBXFrameworksBuildPhase;
			buildActionMask = 2147483647;
			files = (
			);
			runOnlyForDeploymentPostprocessing = 0;
		};
		E47EEAA72BDA9A240093D0CB /* Frameworks */ = {
			isa = PBXFrameworksBuildPhase;
			buildActionMask = 2147483647;
			files = (
			);
			runOnlyForDeploymentPostprocessing = 0;
		};
/* End PBXFrameworksBuildPhase section */

/* Begin PBXGroup section */
		E47EEA862BDA9A220093D0CB = {
			isa = PBXGroup;
			children = (
				E463C5242BDAEAAF005728C4 /* Readme.md */,
				E47EEA912BDA9A220093D0CB /* NavigationStackExperiment */,
				E47EEAA32BDA9A230093D0CB /* NavigationStackExperimentTests */,
				E47EEAAD2BDA9A240093D0CB /* NavigationStackExperimentUITests */,
				E47EEA902BDA9A220093D0CB /* Products */,
			);
			sourceTree = "<group>";
		};
		E47EEA902BDA9A220093D0CB /* Products */ = {
			isa = PBXGroup;
			children = (
				E47EEA8F2BDA9A220093D0CB /* NavigationStackExperiment.app */,
				E47EEAA02BDA9A230093D0CB /* NavigationStackExperimentTests.xctest */,
				E47EEAAA2BDA9A240093D0CB /* NavigationStackExperimentUITests.xctest */,
			);
			name = Products;
			sourceTree = "<group>";
		};
		E47EEA912BDA9A220093D0CB /* NavigationStackExperiment */ = {
			isa = PBXGroup;
			children = (
				E47EEA922BDA9A220093D0CB /* NavigationStackExperimentApp.swift */,
				E47EEA942BDA9A220093D0CB /* ContentView.swift */,
				E47EEABD2BDA9A3D0093D0CB /* MainNavigationView.swift */,
				E47EEAC12BDAA1940093D0CB /* BookView.swift */,
				E47EEAC32BDAA1A00093D0CB /* AuthorView.swift */,
				E47EEABF2BDA9A920093D0CB /* Data.swift */,
				E47EEA962BDA9A230093D0CB /* Assets.xcassets */,
				E47EEA982BDA9A230093D0CB /* NavigationStackExperiment.entitlements */,
				E47EEA992BDA9A230093D0CB /* Preview Content */,
			);
			path = NavigationStackExperiment;
			sourceTree = "<group>";
		};
		E47EEA992BDA9A230093D0CB /* Preview Content */ = {
			isa = PBXGroup;
			children = (
				E47EEA9A2BDA9A230093D0CB /* Preview Assets.xcassets */,
			);
			path = "Preview Content";
			sourceTree = "<group>";
		};
		E47EEAA32BDA9A230093D0CB /* NavigationStackExperimentTests */ = {
			isa = PBXGroup;
			children = (
				E47EEAA42BDA9A230093D0CB /* NavigationStackExperimentTests.swift */,
			);
			path = NavigationStackExperimentTests;
			sourceTree = "<group>";
		};
		E47EEAAD2BDA9A240093D0CB /* NavigationStackExperimentUITests */ = {
			isa = PBXGroup;
			children = (
				E47EEAAE2BDA9A240093D0CB /* NavigationStackExperimentUITests.swift */,
				E47EEAB02BDA9A240093D0CB /* NavigationStackExperimentUITestsLaunchTests.swift */,
			);
			path = NavigationStackExperimentUITests;
			sourceTree = "<group>";
		};
/* End PBXGroup section */

/* Begin PBXNativeTarget section */
		E47EEA8E2BDA9A220093D0CB /* NavigationStackExperiment */ = {
			isa = PBXNativeTarget;
			buildConfigurationList = E47EEAB42BDA9A240093D0CB /* Build configuration list for PBXNativeTarget "NavigationStackExperiment" */;
			buildPhases = (
				E47EEA8B2BDA9A220093D0CB /* Sources */,
				E47EEA8C2BDA9A220093D0CB /* Frameworks */,
				E47EEA8D2BDA9A220093D0CB /* Resources */,
			);
			buildRules = (
			);
			dependencies = (
			);
			name = NavigationStackExperiment;
			productName = NavigationStackExperiment;
			productReference = E47EEA8F2BDA9A220093D0CB /* NavigationStackExperiment.app */;
			productType = "com.apple.product-type.application";
		};
		E47EEA9F2BDA9A230093D0CB /* NavigationStackExperimentTests */ = {
			isa = PBXNativeTarget;
			buildConfigurationList = E47EEAB72BDA9A240093D0CB /* Build configuration list for PBXNativeTarget "NavigationStackExperimentTests" */;
			buildPhases = (
				E47EEA9C2BDA9A230093D0CB /* Sources */,
				E47EEA9D2BDA9A230093D0CB /* Frameworks */,
				E47EEA9E2BDA9A230093D0CB /* Resources */,
			);
			buildRules = (
			);
			dependencies = (
				E47EEAA22BDA9A230093D0CB /* PBXTargetDependency */,
			);
			name = NavigationStackExperimentTests;
			productName = NavigationStackExperimentTests;
			productReference = E47EEAA02BDA9A230093D0CB /* NavigationStackExperimentTests.xctest */;
			productType = "com.apple.product-type.bundle.unit-test";
		};
		E47EEAA92BDA9A240093D0CB /* NavigationStackExperimentUITests */ = {
			isa = PBXNativeTarget;
			buildConfigurationList = E47EEABA2BDA9A240093D0CB /* Build configuration list for PBXNativeTarget "NavigationStackExperimentUITests" */;
			buildPhases = (
				E47EEAA62BDA9A240093D0CB /* Sources */,
				E47EEAA72BDA9A240093D0CB /* Frameworks */,
				E47EEAA82BDA9A240093D0CB /* Resources */,
			);
			buildRules = (
			);
			dependencies = (
				E47EEAAC2BDA9A240093D0CB /* PBXTargetDependency */,
			);
			name = NavigationStackExperimentUITests;
			productName = NavigationStackExperimentUITests;
			productReference = E47EEAAA2BDA9A240093D0CB /* NavigationStackExperimentUITests.xctest */;
			productType = "com.apple.product-type.bundle.ui-testing";
		};
/* End PBXNativeTarget section */

/* Begin PBXProject section */
		E47EEA872BDA9A220093D0CB /* Project object */ = {
			isa = PBXProject;
			attributes = {
				BuildIndependentTargetsInParallel = 1;
				LastSwiftUpdateCheck = 1540;
				LastUpgradeCheck = 1540;
				TargetAttributes = {
					E47EEA8E2BDA9A220093D0CB = {
						CreatedOnToolsVersion = 15.4;
					};
					E47EEA9F2BDA9A230093D0CB = {
						CreatedOnToolsVersion = 15.4;
						TestTargetID = E47EEA8E2BDA9A220093D0CB;
					};
					E47EEAA92BDA9A240093D0CB = {
						CreatedOnToolsVersion = 15.4;
						TestTargetID = E47EEA8E2BDA9A220093D0CB;
					};
				};
			};
			buildConfigurationList = E47EEA8A2BDA9A220093D0CB /* Build configuration list for PBXProject "NavigationStackExperiment" */;
			compatibilityVersion = "Xcode 14.0";
			developmentRegion = en;
			hasScannedForEncodings = 0;
			knownRegions = (
				en,
				Base,
			);
			mainGroup = E47EEA862BDA9A220093D0CB;
			productRefGroup = E47EEA902BDA9A220093D0CB /* Products */;
			projectDirPath = "";
			projectRoot = "";
			targets = (
				E47EEA8E2BDA9A220093D0CB /* NavigationStackExperiment */,
				E47EEA9F2BDA9A230093D0CB /* NavigationStackExperimentTests */,
				E47EEAA92BDA9A240093D0CB /* NavigationStackExperimentUITests */,
			);
		};
/* End PBXProject section */

/* Begin PBXResourcesBuildPhase section */
		E47EEA8D2BDA9A220093D0CB /* Resources */ = {
			isa = PBXResourcesBuildPhase;
			buildActionMask = 2147483647;
			files = (
				E47EEA9B2BDA9A230093D0CB /* Preview Assets.xcassets in Resources */,
				E47EEA972BDA9A230093D0CB /* Assets.xcassets in Resources */,
			);
			runOnlyForDeploymentPostprocessing = 0;
		};
		E47EEA9E2BDA9A230093D0CB /* Resources */ = {
			isa = PBXResourcesBuildPhase;
			buildActionMask = 2147483647;
			files = (
			);
			runOnlyForDeploymentPostprocessing = 0;
		};
		E47EEAA82BDA9A240093D0CB /* Resources */ = {
			isa = PBXResourcesBuildPhase;
			buildActionMask = 2147483647;
			files = (
			);
			runOnlyForDeploymentPostprocessing = 0;
		};
/* End PBXResourcesBuildPhase section */

/* Begin PBXSourcesBuildPhase section */
		E47EEA8B2BDA9A220093D0CB /* Sources */ = {
			isa = PBXSourcesBuildPhase;
			buildActionMask = 2147483647;
			files = (
				E47EEA952BDA9A220093D0CB /* ContentView.swift in Sources */,
				E47EEABE2BDA9A3D0093D0CB /* MainNavigationView.swift in Sources */,
				E47EEA932BDA9A220093D0CB /* NavigationStackExperimentApp.swift in Sources */,
				E47EEAC42BDAA1A00093D0CB /* AuthorView.swift in Sources */,
				E47EEAC02BDA9A920093D0CB /* Data.swift in Sources */,
				E47EEAC22BDAA1940093D0CB /* BookView.swift in Sources */,
			);
			runOnlyForDeploymentPostprocessing = 0;
		};
		E47EEA9C2BDA9A230093D0CB /* Sources */ = {
			isa = PBXSourcesBuildPhase;
			buildActionMask = 2147483647;
			files = (
				E47EEAA52BDA9A230093D0CB /* NavigationStackExperimentTests.swift in Sources */,
			);
			runOnlyForDeploymentPostprocessing = 0;
		};
		E47EEAA62BDA9A240093D0CB /* Sources */ = {
			isa = PBXSourcesBuildPhase;
			buildActionMask = 2147483647;
			files = (
				E47EEAB12BDA9A240093D0CB /* NavigationStackExperimentUITestsLaunchTests.swift in Sources */,
				E47EEAAF2BDA9A240093D0CB /* NavigationStackExperimentUITests.swift in Sources */,
			);
			runOnlyForDeploymentPostprocessing = 0;
		};
/* End PBXSourcesBuildPhase section */

/* Begin PBXTargetDependency section */
		E47EEAA22BDA9A230093D0CB /* PBXTargetDependency */ = {
			isa = PBXTargetDependency;
			target = E47EEA8E2BDA9A220093D0CB /* NavigationStackExperiment */;
			targetProxy = E47EEAA12BDA9A230093D0CB /* PBXContainerItemProxy */;
		};
		E47EEAAC2BDA9A240093D0CB /* PBXTargetDependency */ = {
			isa = PBXTargetDependency;
			target = E47EEA8E2BDA9A220093D0CB /* NavigationStackExperiment */;
			targetProxy = E47EEAAB2BDA9A240093D0CB /* PBXContainerItemProxy */;
		};
/* End PBXTargetDependency section */

/* Begin XCBuildConfiguration section */
		E47EEAB22BDA9A240093D0CB /* Debug */ = {
			isa = XCBuildConfiguration;
			buildSettings = {
				ALWAYS_SEARCH_USER_PATHS = NO;
				ASSETCATALOG_COMPILER_GENERATE_SWIFT_ASSET_SYMBOL_EXTENSIONS = YES;
				CLANG_ANALYZER_NONNULL = YES;
				CLANG_ANALYZER_NUMBER_OBJECT_CONVERSION = YES_AGGRESSIVE;
				CLANG_CXX_LANGUAGE_STANDARD = "gnu++20";
				CLANG_ENABLE_MODULES = YES;
				CLANG_ENABLE_OBJC_ARC = YES;
				CLANG_ENABLE_OBJC_WEAK = YES;
				CLANG_WARN_BLOCK_CAPTURE_AUTORELEASING = YES;
				CLANG_WARN_BOOL_CONVERSION = YES;
				CLANG_WARN_COMMA = YES;
				CLANG_WARN_CONSTANT_CONVERSION = YES;
				CLANG_WARN_DEPRECATED_OBJC_IMPLEMENTATIONS = YES;
				CLANG_WARN_DIRECT_OBJC_ISA_USAGE = YES_ERROR;
				CLANG_WARN_DOCUMENTATION_COMMENTS = YES;
				CLANG_WARN_EMPTY_BODY = YES;
				CLANG_WARN_ENUM_CONVERSION = YES;
				CLANG_WARN_INFINITE_RECURSION = YES;
				CLANG_WARN_INT_CONVERSION = YES;
				CLANG_WARN_NON_LITERAL_NULL_CONVERSION = YES;
				CLANG_WARN_OBJC_IMPLICIT_RETAIN_SELF = YES;
				CLANG_WARN_OBJC_LITERAL_CONVERSION = YES;
				CLANG_WARN_OBJC_ROOT_CLASS = YES_ERROR;
				CLANG_WARN_QUOTED_INCLUDE_IN_FRAMEWORK_HEADER = YES;
				CLANG_WARN_RANGE_LOOP_ANALYSIS = YES;
				CLANG_WARN_STRICT_PROTOTYPES = YES;
				CLANG_WARN_SUSPICIOUS_MOVE = YES;
				CLANG_WARN_UNGUARDED_AVAILABILITY = YES_AGGRESSIVE;
				CLANG_WARN_UNREACHABLE_CODE = YES;
				CLANG_WARN__DUPLICATE_METHOD_MATCH = YES;
				COPY_PHASE_STRIP = NO;
				DEBUG_INFORMATION_FORMAT = dwarf;
				ENABLE_STRICT_OBJC_MSGSEND = YES;
				ENABLE_TESTABILITY = YES;
				ENABLE_USER_SCRIPT_SANDBOXING = YES;
				GCC_C_LANGUAGE_STANDARD = gnu17;
				GCC_DYNAMIC_NO_PIC = NO;
				GCC_NO_COMMON_BLOCKS = YES;
				GCC_OPTIMIZATION_LEVEL = 0;
				GCC_PREPROCESSOR_DEFINITIONS = (
					"DEBUG=1",
					"$(inherited)",
				);
				GCC_WARN_64_TO_32_BIT_CONVERSION = YES;
				GCC_WARN_ABOUT_RETURN_TYPE = YES_ERROR;
				GCC_WARN_UNDECLARED_SELECTOR = YES;
				GCC_WARN_UNINITIALIZED_AUTOS = YES_AGGRESSIVE;
				GCC_WARN_UNUSED_FUNCTION = YES;
				GCC_WARN_UNUSED_VARIABLE = YES;
				LOCALIZATION_PREFERS_STRING_CATALOGS = YES;
				MTL_ENABLE_DEBUG_INFO = INCLUDE_SOURCE;
				MTL_FAST_MATH = YES;
				ONLY_ACTIVE_ARCH = YES;
				SWIFT_ACTIVE_COMPILATION_CONDITIONS = "DEBUG $(inherited)";
				SWIFT_OPTIMIZATION_LEVEL = "-Onone";
			};
			name = Debug;
		};
		E47EEAB32BDA9A240093D0CB /* Release */ = {
			isa = XCBuildConfiguration;
			buildSettings = {
				ALWAYS_SEARCH_USER_PATHS = NO;
				ASSETCATALOG_COMPILER_GENERATE_SWIFT_ASSET_SYMBOL_EXTENSIONS = YES;
				CLANG_ANALYZER_NONNULL = YES;
				CLANG_ANALYZER_NUMBER_OBJECT_CONVERSION = YES_AGGRESSIVE;
				CLANG_CXX_LANGUAGE_STANDARD = "gnu++20";
				CLANG_ENABLE_MODULES = YES;
				CLANG_ENABLE_OBJC_ARC = YES;
				CLANG_ENABLE_OBJC_WEAK = YES;
				CLANG_WARN_BLOCK_CAPTURE_AUTORELEASING = YES;
				CLANG_WARN_BOOL_CONVERSION = YES;
				CLANG_WARN_COMMA = YES;
				CLANG_WARN_CONSTANT_CONVERSION = YES;
				CLANG_WARN_DEPRECATED_OBJC_IMPLEMENTATIONS = YES;
				CLANG_WARN_DIRECT_OBJC_ISA_USAGE = YES_ERROR;
				CLANG_WARN_DOCUMENTATION_COMMENTS = YES;
				CLANG_WARN_EMPTY_BODY = YES;
				CLANG_WARN_ENUM_CONVERSION = YES;
				CLANG_WARN_INFINITE_RECURSION = YES;
				CLANG_WARN_INT_CONVERSION = YES;
				CLANG_WARN_NON_LITERAL_NULL_CONVERSION = YES;
				CLANG_WARN_OBJC_IMPLICIT_RETAIN_SELF = YES;
				CLANG_WARN_OBJC_LITERAL_CONVERSION = YES;
				CLANG_WARN_OBJC_ROOT_CLASS = YES_ERROR;
				CLANG_WARN_QUOTED_INCLUDE_IN_FRAMEWORK_HEADER = YES;
				CLANG_WARN_RANGE_LOOP_ANALYSIS = YES;
				CLANG_WARN_STRICT_PROTOTYPES = YES;
				CLANG_WARN_SUSPICIOUS_MOVE = YES;
				CLANG_WARN_UNGUARDED_AVAILABILITY = YES_AGGRESSIVE;
				CLANG_WARN_UNREACHABLE_CODE = YES;
				CLANG_WARN__DUPLICATE_METHOD_MATCH = YES;
				COPY_PHASE_STRIP = NO;
				DEBUG_INFORMATION_FORMAT = "dwarf-with-dsym";
				ENABLE_NS_ASSERTIONS = NO;
				ENABLE_STRICT_OBJC_MSGSEND = YES;
				ENABLE_USER_SCRIPT_SANDBOXING = YES;
				GCC_C_LANGUAGE_STANDARD = gnu17;
				GCC_NO_COMMON_BLOCKS = YES;
				GCC_WARN_64_TO_32_BIT_CONVERSION = YES;
				GCC_WARN_ABOUT_RETURN_TYPE = YES_ERROR;
				GCC_WARN_UNDECLARED_SELECTOR = YES;
				GCC_WARN_UNINITIALIZED_AUTOS = YES_AGGRESSIVE;
				GCC_WARN_UNUSED_FUNCTION = YES;
				GCC_WARN_UNUSED_VARIABLE = YES;
				LOCALIZATION_PREFERS_STRING_CATALOGS = YES;
				MTL_ENABLE_DEBUG_INFO = NO;
				MTL_FAST_MATH = YES;
				SWIFT_COMPILATION_MODE = wholemodule;
			};
			name = Release;
		};
		E47EEAB52BDA9A240093D0CB /* Debug */ = {
			isa = XCBuildConfiguration;
			buildSettings = {
				ASSETCATALOG_COMPILER_APPICON_NAME = AppIcon;
				ASSETCATALOG_COMPILER_GLOBAL_ACCENT_COLOR_NAME = AccentColor;
				CODE_SIGN_ENTITLEMENTS = NavigationStackExperiment/NavigationStackExperiment.entitlements;
				CODE_SIGN_STYLE = Automatic;
				CURRENT_PROJECT_VERSION = 1;
				DEVELOPMENT_ASSET_PATHS = "\"NavigationStackExperiment/Preview Content\"";
				DEVELOPMENT_TEAM = R28W7FR6SE;
				ENABLE_HARDENED_RUNTIME = YES;
				ENABLE_PREVIEWS = YES;
				GENERATE_INFOPLIST_FILE = YES;
				"INFOPLIST_KEY_UIApplicationSceneManifest_Generation[sdk=iphoneos*]" = YES;
				"INFOPLIST_KEY_UIApplicationSceneManifest_Generation[sdk=iphonesimulator*]" = YES;
				"INFOPLIST_KEY_UIApplicationSupportsIndirectInputEvents[sdk=iphoneos*]" = YES;
				"INFOPLIST_KEY_UIApplicationSupportsIndirectInputEvents[sdk=iphonesimulator*]" = YES;
				"INFOPLIST_KEY_UILaunchScreen_Generation[sdk=iphoneos*]" = YES;
				"INFOPLIST_KEY_UILaunchScreen_Generation[sdk=iphonesimulator*]" = YES;
				"INFOPLIST_KEY_UIStatusBarStyle[sdk=iphoneos*]" = UIStatusBarStyleDefault;
				"INFOPLIST_KEY_UIStatusBarStyle[sdk=iphonesimulator*]" = UIStatusBarStyleDefault;
				INFOPLIST_KEY_UISupportedInterfaceOrientations_iPad = "UIInterfaceOrientationPortrait UIInterfaceOrientationPortraitUpsideDown UIInterfaceOrientationLandscapeLeft UIInterfaceOrientationLandscapeRight";
				INFOPLIST_KEY_UISupportedInterfaceOrientations_iPhone = "UIInterfaceOrientationPortrait UIInterfaceOrientationLandscapeLeft UIInterfaceOrientationLandscapeRight";
				IPHONEOS_DEPLOYMENT_TARGET = 17.5;
				LD_RUNPATH_SEARCH_PATHS = "@executable_path/Frameworks";
				"LD_RUNPATH_SEARCH_PATHS[sdk=macosx*]" = "@executable_path/../Frameworks";
				MACOSX_DEPLOYMENT_TARGET = 14.5;
				MARKETING_VERSION = 1.0;
				PRODUCT_BUNDLE_IDENTIFIER = com.unlikelyware.NavigationStackExperiment;
				PRODUCT_NAME = "$(TARGET_NAME)";
				SDKROOT = auto;
				SUPPORTED_PLATFORMS = "iphoneos iphonesimulator macosx";
				SWIFT_EMIT_LOC_STRINGS = YES;
				SWIFT_VERSION = 5.0;
				TARGETED_DEVICE_FAMILY = "1,2";
			};
			name = Debug;
		};
		E47EEAB62BDA9A240093D0CB /* Release */ = {
			isa = XCBuildConfiguration;
			buildSettings = {
				ASSETCATALOG_COMPILER_APPICON_NAME = AppIcon;
				ASSETCATALOG_COMPILER_GLOBAL_ACCENT_COLOR_NAME = AccentColor;
				CODE_SIGN_ENTITLEMENTS = NavigationStackExperiment/NavigationStackExperiment.entitlements;
				CODE_SIGN_STYLE = Automatic;
				CURRENT_PROJECT_VERSION = 1;
				DEVELOPMENT_ASSET_PATHS = "\"NavigationStackExperiment/Preview Content\"";
				DEVELOPMENT_TEAM = R28W7FR6SE;
				ENABLE_HARDENED_RUNTIME = YES;
				ENABLE_PREVIEWS = YES;
				GENERATE_INFOPLIST_FILE = YES;
				"INFOPLIST_KEY_UIApplicationSceneManifest_Generation[sdk=iphoneos*]" = YES;
				"INFOPLIST_KEY_UIApplicationSceneManifest_Generation[sdk=iphonesimulator*]" = YES;
				"INFOPLIST_KEY_UIApplicationSupportsIndirectInputEvents[sdk=iphoneos*]" = YES;
				"INFOPLIST_KEY_UIApplicationSupportsIndirectInputEvents[sdk=iphonesimulator*]" = YES;
				"INFOPLIST_KEY_UILaunchScreen_Generation[sdk=iphoneos*]" = YES;
				"INFOPLIST_KEY_UILaunchScreen_Generation[sdk=iphonesimulator*]" = YES;
				"INFOPLIST_KEY_UIStatusBarStyle[sdk=iphoneos*]" = UIStatusBarStyleDefault;
				"INFOPLIST_KEY_UIStatusBarStyle[sdk=iphonesimulator*]" = UIStatusBarStyleDefault;
				INFOPLIST_KEY_UISupportedInterfaceOrientations_iPad = "UIInterfaceOrientationPortrait UIInterfaceOrientationPortraitUpsideDown UIInterfaceOrientationLandscapeLeft UIInterfaceOrientationLandscapeRight";
				INFOPLIST_KEY_UISupportedInterfaceOrientations_iPhone = "UIInterfaceOrientationPortrait UIInterfaceOrientationLandscapeLeft UIInterfaceOrientationLandscapeRight";
				IPHONEOS_DEPLOYMENT_TARGET = 17.5;
				LD_RUNPATH_SEARCH_PATHS = "@executable_path/Frameworks";
				"LD_RUNPATH_SEARCH_PATHS[sdk=macosx*]" = "@executable_path/../Frameworks";
				MACOSX_DEPLOYMENT_TARGET = 14.5;
				MARKETING_VERSION = 1.0;
				PRODUCT_BUNDLE_IDENTIFIER = com.unlikelyware.NavigationStackExperiment;
				PRODUCT_NAME = "$(TARGET_NAME)";
				SDKROOT = auto;
				SUPPORTED_PLATFORMS = "iphoneos iphonesimulator macosx";
				SWIFT_EMIT_LOC_STRINGS = YES;
				SWIFT_VERSION = 5.0;
				TARGETED_DEVICE_FAMILY = "1,2";
			};
			name = Release;
		};
		E47EEAB82BDA9A240093D0CB /* Debug */ = {
			isa = XCBuildConfiguration;
			buildSettings = {
				ALWAYS_EMBED_SWIFT_STANDARD_LIBRARIES = YES;
				BUNDLE_LOADER = "$(TEST_HOST)";
				CODE_SIGN_STYLE = Automatic;
				CURRENT_PROJECT_VERSION = 1;
				DEVELOPMENT_TEAM = R28W7FR6SE;
				GENERATE_INFOPLIST_FILE = YES;
				IPHONEOS_DEPLOYMENT_TARGET = 17.5;
				MACOSX_DEPLOYMENT_TARGET = 14.5;
				MARKETING_VERSION = 1.0;
				PRODUCT_BUNDLE_IDENTIFIER = com.unlikelyware.NavigationStackExperimentTests;
				PRODUCT_NAME = "$(TARGET_NAME)";
				SDKROOT = auto;
				SUPPORTED_PLATFORMS = "iphoneos iphonesimulator macosx";
				SWIFT_EMIT_LOC_STRINGS = NO;
				SWIFT_VERSION = 5.0;
				TARGETED_DEVICE_FAMILY = "1,2";
				TEST_HOST = "$(BUILT_PRODUCTS_DIR)/NavigationStackExperiment.app/$(BUNDLE_EXECUTABLE_FOLDER_PATH)/NavigationStackExperiment";
			};
			name = Debug;
		};
		E47EEAB92BDA9A240093D0CB /* Release */ = {
			isa = XCBuildConfiguration;
			buildSettings = {
				ALWAYS_EMBED_SWIFT_STANDARD_LIBRARIES = YES;
				BUNDLE_LOADER = "$(TEST_HOST)";
				CODE_SIGN_STYLE = Automatic;
				CURRENT_PROJECT_VERSION = 1;
				DEVELOPMENT_TEAM = R28W7FR6SE;
				GENERATE_INFOPLIST_FILE = YES;
				IPHONEOS_DEPLOYMENT_TARGET = 17.5;
				MACOSX_DEPLOYMENT_TARGET = 14.5;
				MARKETING_VERSION = 1.0;
				PRODUCT_BUNDLE_IDENTIFIER = com.unlikelyware.NavigationStackExperimentTests;
				PRODUCT_NAME = "$(TARGET_NAME)";
				SDKROOT = auto;
				SUPPORTED_PLATFORMS = "iphoneos iphonesimulator macosx";
				SWIFT_EMIT_LOC_STRINGS = NO;
				SWIFT_VERSION = 5.0;
				TARGETED_DEVICE_FAMILY = "1,2";
				TEST_HOST = "$(BUILT_PRODUCTS_DIR)/NavigationStackExperiment.app/$(BUNDLE_EXECUTABLE_FOLDER_PATH)/NavigationStackExperiment";
			};
			name = Release;
		};
		E47EEABB2BDA9A240093D0CB /* Debug */ = {
			isa = XCBuildConfiguration;
			buildSettings = {
				ALWAYS_EMBED_SWIFT_STANDARD_LIBRARIES = YES;
				CODE_SIGN_STYLE = Automatic;
				CURRENT_PROJECT_VERSION = 1;
				DEVELOPMENT_TEAM = R28W7FR6SE;
				GENERATE_INFOPLIST_FILE = YES;
				IPHONEOS_DEPLOYMENT_TARGET = 17.5;
				MACOSX_DEPLOYMENT_TARGET = 14.5;
				MARKETING_VERSION = 1.0;
				PRODUCT_BUNDLE_IDENTIFIER = com.unlikelyware.NavigationStackExperimentUITests;
				PRODUCT_NAME = "$(TARGET_NAME)";
				SDKROOT = auto;
				SUPPORTED_PLATFORMS = "iphoneos iphonesimulator macosx";
				SWIFT_EMIT_LOC_STRINGS = NO;
				SWIFT_VERSION = 5.0;
				TARGETED_DEVICE_FAMILY = "1,2";
				TEST_TARGET_NAME = NavigationStackExperiment;
			};
			name = Debug;
		};
		E47EEABC2BDA9A240093D0CB /* Release */ = {
			isa = XCBuildConfiguration;
			buildSettings = {
				ALWAYS_EMBED_SWIFT_STANDARD_LIBRARIES = YES;
				CODE_SIGN_STYLE = Automatic;
				CURRENT_PROJECT_VERSION = 1;
				DEVELOPMENT_TEAM = R28W7FR6SE;
				GENERATE_INFOPLIST_FILE = YES;
				IPHONEOS_DEPLOYMENT_TARGET = 17.5;
				MACOSX_DEPLOYMENT_TARGET = 14.5;
				MARKETING_VERSION = 1.0;
				PRODUCT_BUNDLE_IDENTIFIER = com.unlikelyware.NavigationStackExperimentUITests;
				PRODUCT_NAME = "$(TARGET_NAME)";
				SDKROOT = auto;
				SUPPORTED_PLATFORMS = "iphoneos iphonesimulator macosx";
				SWIFT_EMIT_LOC_STRINGS = NO;
				SWIFT_VERSION = 5.0;
				TARGETED_DEVICE_FAMILY = "1,2";
				TEST_TARGET_NAME = NavigationStackExperiment;
			};
			name = Release;
		};
/* End XCBuildConfiguration section */

/* Begin XCConfigurationList section */
		E47EEA8A2BDA9A220093D0CB /* Build configuration list for PBXProject "NavigationStackExperiment" */ = {
			isa = XCConfigurationList;
			buildConfigurations = (
				E47EEAB22BDA9A240093D0CB /* Debug */,
				E47EEAB32BDA9A240093D0CB /* Release */,
			);
			defaultConfigurationIsVisible = 0;
			defaultConfigurationName = Release;
		};
		E47EEAB42BDA9A240093D0CB /* Build configuration list for PBXNativeTarget "NavigationStackExperiment" */ = {
			isa = XCConfigurationList;
			buildConfigurations = (
				E47EEAB52BDA9A240093D0CB /* Debug */,
				E47EEAB62BDA9A240093D0CB /* Release */,
			);
			defaultConfigurationIsVisible = 0;
			defaultConfigurationName = Release;
		};
		E47EEAB72BDA9A240093D0CB /* Build configuration list for PBXNativeTarget "NavigationStackExperimentTests" */ = {
			isa = XCConfigurationList;
			buildConfigurations = (
				E47EEAB82BDA9A240093D0CB /* Debug */,
				E47EEAB92BDA9A240093D0CB /* Release */,
			);
			defaultConfigurationIsVisible = 0;
			defaultConfigurationName = Release;
		};
		E47EEABA2BDA9A240093D0CB /* Build configuration list for PBXNativeTarget "NavigationStackExperimentUITests" */ = {
			isa = XCConfigurationList;
			buildConfigurations = (
				E47EEABB2BDA9A240093D0CB /* Debug */,
				E47EEABC2BDA9A240093D0CB /* Release */,
			);
			defaultConfigurationIsVisible = 0;
			defaultConfigurationName = Release;
		};
/* End XCConfigurationList section */
	};
	rootObject = E47EEA872BDA9A220093D0CB /* Project object */;
}
